// !$*UTF8*$!
{
	archiveVersion = 1;
	classes = {
	};
	objectVersion = 48;
	objects = {

/* Begin PBXBuildFile section */
		EC233B261FBDB05500B65D90 /* AppDelegate.swift in Sources */ = {isa = PBXBuildFile; fileRef = EC233B251FBDB05500B65D90 /* AppDelegate.swift */; };
		EC233B281FBDB05500B65D90 /* MainController.swift in Sources */ = {isa = PBXBuildFile; fileRef = EC233B271FBDB05500B65D90 /* MainController.swift */; };
		EC233B2D1FBDB05500B65D90 /* Assets.xcassets in Resources */ = {isa = PBXBuildFile; fileRef = EC233B2C1FBDB05500B65D90 /* Assets.xcassets */; };
		EC233B301FBDB05500B65D90 /* LaunchScreen.storyboard in Resources */ = {isa = PBXBuildFile; fileRef = EC233B2E1FBDB05500B65D90 /* LaunchScreen.storyboard */; };
		EC233B391FBDB37B00B65D90 /* MapController.swift in Sources */ = {isa = PBXBuildFile; fileRef = EC233B381FBDB37B00B65D90 /* MapController.swift */; };
		EC233B3B1FBDB3CB00B65D90 /* PlaceController.swift in Sources */ = {isa = PBXBuildFile; fileRef = EC233B3A1FBDB3CB00B65D90 /* PlaceController.swift */; };
		EC233B3E1FBDB78C00B65D90 /* Place.swift in Sources */ = {isa = PBXBuildFile; fileRef = EC233B3D1FBDB78C00B65D90 /* Place.swift */; };
		EC233B401FBDBCA200B65D90 /* Constants.swift in Sources */ = {isa = PBXBuildFile; fileRef = EC233B3F1FBDBCA200B65D90 /* Constants.swift */; };
		EC233B421FBDD68D00B65D90 /* MapController+MapKit.swift in Sources */ = {isa = PBXBuildFile; fileRef = EC233B411FBDD68C00B65D90 /* MapController+MapKit.swift */; };
		EC233B441FBDD72400B65D90 /* MapController+Location.swift in Sources */ = {isa = PBXBuildFile; fileRef = EC233B431FBDD72400B65D90 /* MapController+Location.swift */; };
/* End PBXBuildFile section */

/* Begin PBXFileReference section */
		EC233B221FBDB05400B65D90 /* Kanto.app */ = {isa = PBXFileReference; explicitFileType = wrapper.application; includeInIndex = 0; path = Kanto.app; sourceTree = BUILT_PRODUCTS_DIR; };
		EC233B251FBDB05500B65D90 /* AppDelegate.swift */ = {isa = PBXFileReference; lastKnownFileType = sourcecode.swift; path = AppDelegate.swift; sourceTree = "<group>"; };
		EC233B271FBDB05500B65D90 /* MainController.swift */ = {isa = PBXFileReference; lastKnownFileType = sourcecode.swift; path = MainController.swift; sourceTree = "<group>"; };
		EC233B2C1FBDB05500B65D90 /* Assets.xcassets */ = {isa = PBXFileReference; lastKnownFileType = folder.assetcatalog; path = Assets.xcassets; sourceTree = "<group>"; };
		EC233B2F1FBDB05500B65D90 /* Base */ = {isa = PBXFileReference; lastKnownFileType = file.storyboard; name = Base; path = Base.lproj/LaunchScreen.storyboard; sourceTree = "<group>"; };
		EC233B311FBDB05500B65D90 /* Info.plist */ = {isa = PBXFileReference; lastKnownFileType = text.plist.xml; path = Info.plist; sourceTree = "<group>"; };
		EC233B381FBDB37B00B65D90 /* MapController.swift */ = {isa = PBXFileReference; lastKnownFileType = sourcecode.swift; path = MapController.swift; sourceTree = "<group>"; };
		EC233B3A1FBDB3CB00B65D90 /* PlaceController.swift */ = {isa = PBXFileReference; lastKnownFileType = sourcecode.swift; path = PlaceController.swift; sourceTree = "<group>"; };
		EC233B3D1FBDB78C00B65D90 /* Place.swift */ = {isa = PBXFileReference; lastKnownFileType = sourcecode.swift; path = Place.swift; sourceTree = "<group>"; };
		EC233B3F1FBDBCA200B65D90 /* Constants.swift */ = {isa = PBXFileReference; lastKnownFileType = sourcecode.swift; path = Constants.swift; sourceTree = "<group>"; };
		EC233B411FBDD68C00B65D90 /* MapController+MapKit.swift */ = {isa = PBXFileReference; lastKnownFileType = sourcecode.swift; path = "MapController+MapKit.swift"; sourceTree = "<group>"; };
		EC233B431FBDD72400B65D90 /* MapController+Location.swift */ = {isa = PBXFileReference; lastKnownFileType = sourcecode.swift; path = "MapController+Location.swift"; sourceTree = "<group>"; };
/* End PBXFileReference section */

/* Begin PBXFrameworksBuildPhase section */
		EC233B1F1FBDB05400B65D90 /* Frameworks */ = {
			isa = PBXFrameworksBuildPhase;
			buildActionMask = 2147483647;
			files = (
			);
			runOnlyForDeploymentPostprocessing = 0;
		};
/* End PBXFrameworksBuildPhase section */

/* Begin PBXGroup section */
		EC233B191FBDB05400B65D90 = {
			isa = PBXGroup;
			children = (
				EC233B241FBDB05400B65D90 /* Kanto */,
				EC233B231FBDB05400B65D90 /* Products */,
			);
			sourceTree = "<group>";
		};
		EC233B231FBDB05400B65D90 /* Products */ = {
			isa = PBXGroup;
			children = (
				EC233B221FBDB05400B65D90 /* Kanto.app */,
			);
			name = Products;
			sourceTree = "<group>";
		};
		EC233B241FBDB05400B65D90 /* Kanto */ = {
			isa = PBXGroup;
			children = (
				EC233B251FBDB05500B65D90 /* AppDelegate.swift */,
				EC233B3F1FBDBCA200B65D90 /* Constants.swift */,
				EC233B371FBDB35000B65D90 /* Controllers */,
				EC233B3C1FBDB76900B65D90 /* Models */,
				EC233B2C1FBDB05500B65D90 /* Assets.xcassets */,
				EC233B2E1FBDB05500B65D90 /* LaunchScreen.storyboard */,
				EC233B311FBDB05500B65D90 /* Info.plist */,
			);
			path = Kanto;
			sourceTree = "<group>";
		};
		EC233B371FBDB35000B65D90 /* Controllers */ = {
			isa = PBXGroup;
			children = (
				EC233B271FBDB05500B65D90 /* MainController.swift */,
				EC233B381FBDB37B00B65D90 /* MapController.swift */,
				EC233B411FBDD68C00B65D90 /* MapController+MapKit.swift */,
				EC233B431FBDD72400B65D90 /* MapController+Location.swift */,
				EC233B3A1FBDB3CB00B65D90 /* PlaceController.swift */,
			);
			path = Controllers;
			sourceTree = "<group>";
		};
		EC233B3C1FBDB76900B65D90 /* Models */ = {
			isa = PBXGroup;
			children = (
				EC233B3D1FBDB78C00B65D90 /* Place.swift */,
			);
			path = Models;
			sourceTree = "<group>";
		};
/* End PBXGroup section */

/* Begin PBXNativeTarget section */
		EC233B211FBDB05400B65D90 /* Kanto */ = {
			isa = PBXNativeTarget;
			buildConfigurationList = EC233B341FBDB05500B65D90 /* Build configuration list for PBXNativeTarget "Kanto" */;
			buildPhases = (
				EC233B1E1FBDB05400B65D90 /* Sources */,
				EC233B1F1FBDB05400B65D90 /* Frameworks */,
				EC233B201FBDB05400B65D90 /* Resources */,
			);
			buildRules = (
			);
			dependencies = (
			);
			name = Kanto;
			productName = Kanto;
			productReference = EC233B221FBDB05400B65D90 /* Kanto.app */;
			productType = "com.apple.product-type.application";
		};
/* End PBXNativeTarget section */

/* Begin PBXProject section */
		EC233B1A1FBDB05400B65D90 /* Project object */ = {
			isa = PBXProject;
			attributes = {
				LastSwiftUpdateCheck = 0910;
				LastUpgradeCheck = 0910;
				ORGANIZATIONNAME = "Alexandre Legent";
				TargetAttributes = {
					EC233B211FBDB05400B65D90 = {
						CreatedOnToolsVersion = 9.1;
						ProvisioningStyle = Automatic;
					};
				};
			};
			buildConfigurationList = EC233B1D1FBDB05400B65D90 /* Build configuration list for PBXProject "Kanto" */;
			compatibilityVersion = "Xcode 8.0";
			developmentRegion = en;
			hasScannedForEncodings = 0;
			knownRegions = (
				en,
				Base,
			);
			mainGroup = EC233B191FBDB05400B65D90;
			productRefGroup = EC233B231FBDB05400B65D90 /* Products */;
			projectDirPath = "";
			projectRoot = "";
			targets = (
				EC233B211FBDB05400B65D90 /* Kanto */,
			);
		};
/* End PBXProject section */

/* Begin PBXResourcesBuildPhase section */
		EC233B201FBDB05400B65D90 /* Resources */ = {
			isa = PBXResourcesBuildPhase;
			buildActionMask = 2147483647;
			files = (
				EC233B301FBDB05500B65D90 /* LaunchScreen.storyboard in Resources */,
				EC233B2D1FBDB05500B65D90 /* Assets.xcassets in Resources */,
			);
			runOnlyForDeploymentPostprocessing = 0;
		};
/* End PBXResourcesBuildPhase section */

/* Begin PBXSourcesBuildPhase section */
		EC233B1E1FBDB05400B65D90 /* Sources */ = {
			isa = PBXSourcesBuildPhase;
			buildActionMask = 2147483647;
			files = (
				EC233B421FBDD68D00B65D90 /* MapController+MapKit.swift in Sources */,
				EC233B3B1FBDB3CB00B65D90 /* PlaceController.swift in Sources */,
				EC233B281FBDB05500B65D90 /* MainController.swift in Sources */,
				EC233B391FBDB37B00B65D90 /* MapController.swift in Sources */,
				EC233B261FBDB05500B65D90 /* AppDelegate.swift in Sources */,
				EC233B441FBDD72400B65D90 /* MapController+Location.swift in Sources */,
				EC233B3E1FBDB78C00B65D90 /* Place.swift in Sources */,
				EC233B401FBDBCA200B65D90 /* Constants.swift in Sources */,
			);
			runOnlyForDeploymentPostprocessing = 0;
		};
/* End PBXSourcesBuildPhase section */

/* Begin PBXVariantGroup section */
		EC233B2E1FBDB05500B65D90 /* LaunchScreen.storyboard */ = {
			isa = PBXVariantGroup;
			children = (
				EC233B2F1FBDB05500B65D90 /* Base */,
			);
			name = LaunchScreen.storyboard;
			sourceTree = "<group>";
		};
/* End PBXVariantGroup section */

/* Begin XCBuildConfiguration section */
		EC233B321FBDB05500B65D90 /* Debug */ = {
			isa = XCBuildConfiguration;
			buildSettings = {
				ALWAYS_SEARCH_USER_PATHS = NO;
				CLANG_ANALYZER_NONNULL = YES;
				CLANG_ANALYZER_NUMBER_OBJECT_CONVERSION = YES_AGGRESSIVE;
				CLANG_CXX_LANGUAGE_STANDARD = "gnu++14";
				CLANG_CXX_LIBRARY = "libc++";
				CLANG_ENABLE_MODULES = YES;
				CLANG_ENABLE_OBJC_ARC = YES;
				CLANG_WARN_BLOCK_CAPTURE_AUTORELEASING = YES;
				CLANG_WARN_BOOL_CONVERSION = YES;
				CLANG_WARN_COMMA = YES;
				CLANG_WARN_CONSTANT_CONVERSION = YES;
				CLANG_WARN_DIRECT_OBJC_ISA_USAGE = YES_ERROR;
				CLANG_WARN_DOCUMENTATION_COMMENTS = YES;
				CLANG_WARN_EMPTY_BODY = YES;
				CLANG_WARN_ENUM_CONVERSION = YES;
				CLANG_WARN_INFINITE_RECURSION = YES;
				CLANG_WARN_INT_CONVERSION = YES;
				CLANG_WARN_NON_LITERAL_NULL_CONVERSION = YES;
				CLANG_WARN_OBJC_LITERAL_CONVERSION = YES;
				CLANG_WARN_OBJC_ROOT_CLASS = YES_ERROR;
				CLANG_WARN_RANGE_LOOP_ANALYSIS = YES;
				CLANG_WARN_STRICT_PROTOTYPES = YES;
				CLANG_WARN_SUSPICIOUS_MOVE = YES;
				CLANG_WARN_UNGUARDED_AVAILABILITY = YES_AGGRESSIVE;
				CLANG_WARN_UNREACHABLE_CODE = YES;
				CLANG_WARN__DUPLICATE_METHOD_MATCH = YES;
				CODE_SIGN_IDENTITY = "iPhone Developer";
				COPY_PHASE_STRIP = NO;
				DEBUG_INFORMATION_FORMAT = dwarf;
				ENABLE_STRICT_OBJC_MSGSEND = YES;
				ENABLE_TESTABILITY = YES;
				GCC_C_LANGUAGE_STANDARD = gnu11;
				GCC_DYNAMIC_NO_PIC = NO;
				GCC_NO_COMMON_BLOCKS = YES;
				GCC_OPTIMIZATION_LEVEL = 0;
				GCC_PREPROCESSOR_DEFINITIONS = (
					"DEBUG=1",
					"$(inherited)",
				);
				GCC_WARN_64_TO_32_BIT_CONVERSION = YES;
				GCC_WARN_ABOUT_RETURN_TYPE = YES_ERROR;
				GCC_WARN_UNDECLARED_SELECTOR = YES;
				GCC_WARN_UNINITIALIZED_AUTOS = YES_AGGRESSIVE;
				GCC_WARN_UNUSED_FUNCTION = YES;
				GCC_WARN_UNUSED_VARIABLE = YES;
				IPHONEOS_DEPLOYMENT_TARGET = 11.1;
				MTL_ENABLE_DEBUG_INFO = YES;
				ONLY_ACTIVE_ARCH = YES;
				SDKROOT = iphoneos;
				SWIFT_ACTIVE_COMPILATION_CONDITIONS = DEBUG;
				SWIFT_OPTIMIZATION_LEVEL = "-Onone";
			};
			name = Debug;
		};
		EC233B331FBDB05500B65D90 /* Release */ = {
			isa = XCBuildConfiguration;
			buildSettings = {
				ALWAYS_SEARCH_USER_PATHS = NO;
				CLANG_ANALYZER_NONNULL = YES;
				CLANG_ANALYZER_NUMBER_OBJECT_CONVERSION = YES_AGGRESSIVE;
				CLANG_CXX_LANGUAGE_STANDARD = "gnu++14";
				CLANG_CXX_LIBRARY = "libc++";
				CLANG_ENABLE_MODULES = YES;
				CLANG_ENABLE_OBJC_ARC = YES;
				CLANG_WARN_BLOCK_CAPTURE_AUTORELEASING = YES;
				CLANG_WARN_BOOL_CONVERSION = YES;
				CLANG_WARN_COMMA = YES;
				CLANG_WARN_CONSTANT_CONVERSION = YES;
				CLANG_WARN_DIRECT_OBJC_ISA_USAGE = YES_ERROR;
				CLANG_WARN_DOCUMENTATION_COMMENTS = YES;
				CLANG_WARN_EMPTY_BODY = YES;
				CLANG_WARN_ENUM_CONVERSION = YES;
				CLANG_WARN_INFINITE_RECURSION = YES;
				CLANG_WARN_INT_CONVERSION = YES;
				CLANG_WARN_NON_LITERAL_NULL_CONVERSION = YES;
				CLANG_WARN_OBJC_LITERAL_CONVERSION = YES;
				CLANG_WARN_OBJC_ROOT_CLASS = YES_ERROR;
				CLANG_WARN_RANGE_LOOP_ANALYSIS = YES;
				CLANG_WARN_STRICT_PROTOTYPES = YES;
				CLANG_WARN_SUSPICIOUS_MOVE = YES;
				CLANG_WARN_UNGUARDED_AVAILABILITY = YES_AGGRESSIVE;
				CLANG_WARN_UNREACHABLE_CODE = YES;
				CLANG_WARN__DUPLICATE_METHOD_MATCH = YES;
				CODE_SIGN_IDENTITY = "iPhone Developer";
				COPY_PHASE_STRIP = NO;
				DEBUG_INFORMATION_FORMAT = "dwarf-with-dsym";
				ENABLE_NS_ASSERTIONS = NO;
				ENABLE_STRICT_OBJC_MSGSEND = YES;
				GCC_C_LANGUAGE_STANDARD = gnu11;
				GCC_NO_COMMON_BLOCKS = YES;
				GCC_WARN_64_TO_32_BIT_CONVERSION = YES;
				GCC_WARN_ABOUT_RETURN_TYPE = YES_ERROR;
				GCC_WARN_UNDECLARED_SELECTOR = YES;
				GCC_WARN_UNINITIALIZED_AUTOS = YES_AGGRESSIVE;
				GCC_WARN_UNUSED_FUNCTION = YES;
				GCC_WARN_UNUSED_VARIABLE = YES;
				IPHONEOS_DEPLOYMENT_TARGET = 11.1;
				MTL_ENABLE_DEBUG_INFO = NO;
				SDKROOT = iphoneos;
				SWIFT_OPTIMIZATION_LEVEL = "-Owholemodule";
				VALIDATE_PRODUCT = YES;
			};
			name = Release;
		};
		EC233B351FBDB05500B65D90 /* Debug */ = {
			isa = XCBuildConfiguration;
			buildSettings = {
				ASSETCATALOG_COMPILER_APPICON_NAME = AppIcon;
				CODE_SIGN_STYLE = Automatic;
				DEVELOPMENT_TEAM = SYLSF63326;
				INFOPLIST_FILE = Kanto/Info.plist;
				LD_RUNPATH_SEARCH_PATHS = "$(inherited) @executable_path/Frameworks";
				PRODUCT_BUNDLE_IDENTIFIER = com.alegent.Kanto;
				PRODUCT_NAME = "$(TARGET_NAME)";
				SWIFT_VERSION = 4.0;
				TARGETED_DEVICE_FAMILY = "1,2";
			};
			name = Debug;
		};
		EC233B361FBDB05500B65D90 /* Release */ = {
			isa = XCBuildConfiguration;
			buildSettings = {
				ASSETCATALOG_COMPILER_APPICON_NAME = AppIcon;
				CODE_SIGN_STYLE = Automatic;
				DEVELOPMENT_TEAM = SYLSF63326;
				INFOPLIST_FILE = Kanto/Info.plist;
				LD_RUNPATH_SEARCH_PATHS = "$(inherited) @executable_path/Frameworks";
				PRODUCT_BUNDLE_IDENTIFIER = com.alegent.Kanto;
				PRODUCT_NAME = "$(TARGET_NAME)";
				SWIFT_VERSION = 4.0;
				TARGETED_DEVICE_FAMILY = "1,2";
			};
			name = Release;
		};
/* End XCBuildConfiguration section */

/* Begin XCConfigurationList section */
		EC233B1D1FBDB05400B65D90 /* Build configuration list for PBXProject "Kanto" */ = {
			isa = XCConfigurationList;
			buildConfigurations = (
				EC233B321FBDB05500B65D90 /* Debug */,
				EC233B331FBDB05500B65D90 /* Release */,
			);
			defaultConfigurationIsVisible = 0;
			defaultConfigurationName = Release;
		};
		EC233B341FBDB05500B65D90 /* Build configuration list for PBXNativeTarget "Kanto" */ = {
			isa = XCConfigurationList;
			buildConfigurations = (
				EC233B351FBDB05500B65D90 /* Debug */,
				EC233B361FBDB05500B65D90 /* Release */,
			);
			defaultConfigurationIsVisible = 0;
			defaultConfigurationName = Release;
		};
/* End XCConfigurationList section */
	};
	rootObject = EC233B1A1FBDB05400B65D90 /* Project object */;
}
